
Microsoft Visual Studio Solution File, Format Version 12.00
# Visual Studio Version 17
VisualStudioVersion = 17.11.35312.102
MinimumVisualStudioVersion = 10.0.40219.1
Project("{FAE04EC0-301F-11D3-BF4B-00C04F79EFBC}") = "Week12Practice2_Table_relational", "Week12Practice2_Table_relational\Week12Practice2_Table_relational.csproj", "{7901C942-0052-4A81-8E08-1B31CA83A440}"
EndProject
Global
	GlobalSection(SolutionConfigurationPlatforms) = preSolution
		Debug|Any CPU = Debug|Any CPU
		Release|Any CPU = Release|Any CPU
	EndGlobalSection
	GlobalSection(ProjectConfigurationPlatforms) = postSolution
		{7901C942-0052-4A81-8E08-1B31CA83A440}.Debug|Any CPU.ActiveCfg = Debug|Any CPU
		{7901C942-0052-4A81-8E08-1B31CA83A440}.Debug|Any CPU.Build.0 = Debug|Any CPU
		{7901C942-0052-4A81-8E08-1B31CA83A440}.Release|Any CPU.ActiveCfg = Release|Any CPU
		{7901C942-0052-4A81-8E08-1B31CA83A440}.Release|Any CPU.Build.0 = Release|Any CPU
	EndGlobalSection
	GlobalSection(SolutionProperties) = preSolution
		HideSolutionNode = FALSE
	EndGlobalSection
	GlobalSection(ExtensibilityGlobals) = postSolution
		SolutionGuid = {82F6E9E9-E987-4643-A9EF-CC9F468D0C54}
	EndGlobalSection
EndGlobal
